schema: '2.0'
stages:
  prepare:
    cmd: python src/00_prepare.py --config src/config.yaml
    deps:
    - path: src/00_prepare.py
      hash: md5
      md5: 7f4e5dcc7cdb969f9f918bb77bd63553
      size: 562
    - path: src/config.yaml
      hash: md5
      md5: 0ceb213b3754d22f3c7789b1c19e43a9
      size: 117
    outs:
    - path: data/processed_data/
      hash: md5
      md5: d751713988987e9331980363e24189ce.dir
      size: 0
      nfiles: 0
  train:
    cmd: PYTHONPATH=src python src/01_train.py --config src/config.yaml
    deps:
    - path: data/processed_data/
      hash: md5
      md5: d751713988987e9331980363e24189ce.dir
      size: 0
      nfiles: 0
    - path: src/01_train.py
      hash: md5
      md5: 70d2ed3116ba2118e26ed9f7cbb17f04
      size: 1300
    - path: src/config.yaml
      hash: md5
      md5: 0ceb213b3754d22f3c7789b1c19e43a9
      size: 117
    - path: src/models.py
      hash: md5
      md5: fb823406fcda0a387aeb9db8d52f1399
      size: 347
    outs:
    - path: models/model_v2.pt
      hash: md5
      md5: 275fe642b13eb6055e9b0cf2bcf531b7
      size: 2334
    - path: src/postprocess.py
      hash: md5
      md5: 82e7af6c3815fc8ab7eefa2c4c606753
      size: 183
    - path: src/preprocess.py
      hash: md5
      md5: 056265bf8bf8e226f46379262262c4b1
      size: 150
  evaluate:
    cmd: PYTHONPATH=src python src/02_evaluate.py --config src/config.yaml
    deps:
    - path: models/model_v2.pt
      hash: md5
      md5: 275fe642b13eb6055e9b0cf2bcf531b7
      size: 2334
    - path: src/02_evaluate.py
      hash: md5
      md5: 012e24d18bde95bae5845af92f869757
      size: 1024
    - path: src/config.yaml
      hash: md5
      md5: 0ceb213b3754d22f3c7789b1c19e43a9
      size: 117
    - path: src/models.py
      hash: md5
      md5: fb823406fcda0a387aeb9db8d52f1399
      size: 347
    outs:
    - path: metrics/evaluation.json
      hash: md5
      md5: d6a891ee1235ac2567d297bc438fe807
      size: 36
